
Microsoft Visual Studio Solution File, Format Version 12.00
# Visual Studio Version 17
VisualStudioVersion = 17.14.37216.2
MinimumVisualStudioVersion = 10.0.40219.1
Project("{FAE04EC0-301F-11D3-BF4B-00C04F79EFBC}") = "Pharmacy.Domain", "Pharmacy.Domain\Pharmacy.Domain.csproj", "{D6ABC219-03A6-4F51-9017-6A9B9E1783E0}"
EndProject
Project("{FAE04EC0-301F-11D3-BF4B-00C04F79EFBC}") = "Pharmacy.Application", "Pharmacy.Application\Pharmacy.Application.csproj", "{E87BBF44-A05D-4B58-A2A4-FB68D7B1F57B}"
EndProject
Project("{FAE04EC0-301F-11D3-BF4B-00C04F79EFBC}") = "Pharmacy.Infrastructure", "Pharmacy.Infrastructure\Pharmacy.Infrastructure.csproj", "{A2314D70-6F8A-48CA-81CE-29C6B6488601}"
EndProject
Project("{FAE04EC0-301F-11D3-BF4B-00C04F79EFBC}") = "Pharmacy.API", "Pharmacy.API\Pharmacy.API.csproj", "{A4FD1F2D-7D23-4F94-A0B8-2447C6EA8502}"
EndProject
Project("{2150E333-8FDC-42A3-9474-1A3956D46DE8}") = "Solution Items", "Solution Items", "{8EC462FD-D22E-90A8-E5CE-7E832BA40C5D}"
	ProjectSection(SolutionItems) = preProject
		Dockerfile.txt = Dockerfile.txt
	EndProjectSection
EndProject
Global
	GlobalSection(SolutionConfigurationPlatforms) = preSolution
		Debug|Any CPU = Debug|Any CPU
		Release|Any CPU = Release|Any CPU
	EndGlobalSection
	GlobalSection(ProjectConfigurationPlatforms) = postSolution
		{D6ABC219-03A6-4F51-9017-6A9B9E1783E0}.Debug|Any CPU.ActiveCfg = Debug|Any CPU
		{D6ABC219-03A6-4F51-9017-6A9B9E1783E0}.Debug|Any CPU.Build.0 = Debug|Any CPU
		{D6ABC219-03A6-4F51-9017-6A9B9E1783E0}.Release|Any CPU.ActiveCfg = Release|Any CPU
		{D6ABC219-03A6-4F51-9017-6A9B9E1783E0}.Release|Any CPU.Build.0 = Release|Any CPU
		{E87BBF44-A05D-4B58-A2A4-FB68D7B1F57B}.Debug|Any CPU.ActiveCfg = Debug|Any CPU
		{E87BBF44-A05D-4B58-A2A4-FB68D7B1F57B}.Debug|Any CPU.Build.0 = Debug|Any CPU
		{E87BBF44-A05D-4B58-A2A4-FB68D7B1F57B}.Release|Any CPU.ActiveCfg = Release|Any CPU
		{E87BBF44-A05D-4B58-A2A4-FB68D7B1F57B}.Release|Any CPU.Build.0 = Release|Any CPU
		{A2314D70-6F8A-48CA-81CE-29C6B6488601}.Debug|Any CPU.ActiveCfg = Debug|Any CPU
		{A2314D70-6F8A-48CA-81CE-29C6B6488601}.Debug|Any CPU.Build.0 = Debug|Any CPU
		{A2314D70-6F8A-48CA-81CE-29C6B6488601}.Release|Any CPU.ActiveCfg = Release|Any CPU
		{A2314D70-6F8A-48CA-81CE-29C6B6488601}.Release|Any CPU.Build.0 = Release|Any CPU
		{A4FD1F2D-7D23-4F94-A0B8-2447C6EA8502}.Debug|Any CPU.ActiveCfg = Debug|Any CPU
		{A4FD1F2D-7D23-4F94-A0B8-2447C6EA8502}.Debug|Any CPU.Build.0 = Debug|Any CPU
		{A4FD1F2D-7D23-4F94-A0B8-2447C6EA8502}.Release|Any CPU.ActiveCfg = Release|Any CPU
		{A4FD1F2D-7D23-4F94-A0B8-2447C6EA8502}.Release|Any CPU.Build.0 = Release|Any CPU
	EndGlobalSection
	GlobalSection(SolutionProperties) = preSolution
		HideSolutionNode = FALSE
	EndGlobalSection
	GlobalSection(ExtensibilityGlobals) = postSolution
		SolutionGuid = {39298133-F303-4A04-966D-D3F6B0D227A9}
	EndGlobalSection
EndGlobal
